
Microsoft Visual Studio Solution File, Format Version 12.00
# Visual Studio Version 17
VisualStudioVersion = 17.11.35312.102
MinimumVisualStudioVersion = 10.0.40219.1
Project("{FAE04EC0-301F-11D3-BF4B-00C04F79EFBC}") = "ejercicio_de_clases_objetos06", "ejercicio_de_clases_objetos06.csproj", "{E6743846-0D2D-4B61-80CA-27876C11C066}"
EndProject
Global
	GlobalSection(SolutionConfigurationPlatforms) = preSolution
		Debug|Any CPU = Debug|Any CPU
		Release|Any CPU = Release|Any CPU
	EndGlobalSection
	GlobalSection(ProjectConfigurationPlatforms) = postSolution
		{E6743846-0D2D-4B61-80CA-27876C11C066}.Debug|Any CPU.ActiveCfg = Debug|Any CPU
		{E6743846-0D2D-4B61-80CA-27876C11C066}.Debug|Any CPU.Build.0 = Debug|Any CPU
		{E6743846-0D2D-4B61-80CA-27876C11C066}.Release|Any CPU.ActiveCfg = Release|Any CPU
		{E6743846-0D2D-4B61-80CA-27876C11C066}.Release|Any CPU.Build.0 = Release|Any CPU
	EndGlobalSection
	GlobalSection(SolutionProperties) = preSolution
		HideSolutionNode = FALSE
	EndGlobalSection
	GlobalSection(ExtensibilityGlobals) = postSolution
		SolutionGuid = {8893CA87-EED8-4A94-9C18-52643D831E38}
	EndGlobalSection
EndGlobal
