
Microsoft Visual Studio Solution File, Format Version 12.00
# Visual Studio Version 17
VisualStudioVersion = 17.11.35312.102
MinimumVisualStudioVersion = 10.0.40219.1
Project("{FAE04EC0-301F-11D3-BF4B-00C04F79EFBC}") = "ejercicio_de_clases&objetos02", "ejercicio_de_clases&objetos02.csproj", "{45743461-1868-4E44-A2C2-72B087B55790}"
EndProject
Global
	GlobalSection(SolutionConfigurationPlatforms) = preSolution
		Debug|Any CPU = Debug|Any CPU
		Release|Any CPU = Release|Any CPU
	EndGlobalSection
	GlobalSection(ProjectConfigurationPlatforms) = postSolution
		{45743461-1868-4E44-A2C2-72B087B55790}.Debug|Any CPU.ActiveCfg = Debug|Any CPU
		{45743461-1868-4E44-A2C2-72B087B55790}.Debug|Any CPU.Build.0 = Debug|Any CPU
		{45743461-1868-4E44-A2C2-72B087B55790}.Release|Any CPU.ActiveCfg = Release|Any CPU
		{45743461-1868-4E44-A2C2-72B087B55790}.Release|Any CPU.Build.0 = Release|Any CPU
	EndGlobalSection
	GlobalSection(SolutionProperties) = preSolution
		HideSolutionNode = FALSE
	EndGlobalSection
	GlobalSection(ExtensibilityGlobals) = postSolution
		SolutionGuid = {AEA010C5-8C25-4E05-A21D-FFBD5A18EB64}
	EndGlobalSection
EndGlobal
