
Microsoft Visual Studio Solution File, Format Version 12.00
# Visual Studio Version 17
VisualStudioVersion = 17.11.35312.102
MinimumVisualStudioVersion = 10.0.40219.1
Project("{FAE04EC0-301F-11D3-BF4B-00C04F79EFBC}") = "ejercicio_de_bucles07", "ejercicio_de_bucles07.csproj", "{4AA6F6E2-CF1E-45FF-BDE8-AB0B9B779E7A}"
EndProject
Global
	GlobalSection(SolutionConfigurationPlatforms) = preSolution
		Debug|Any CPU = Debug|Any CPU
		Release|Any CPU = Release|Any CPU
	EndGlobalSection
	GlobalSection(ProjectConfigurationPlatforms) = postSolution
		{4AA6F6E2-CF1E-45FF-BDE8-AB0B9B779E7A}.Debug|Any CPU.ActiveCfg = Debug|Any CPU
		{4AA6F6E2-CF1E-45FF-BDE8-AB0B9B779E7A}.Debug|Any CPU.Build.0 = Debug|Any CPU
		{4AA6F6E2-CF1E-45FF-BDE8-AB0B9B779E7A}.Release|Any CPU.ActiveCfg = Release|Any CPU
		{4AA6F6E2-CF1E-45FF-BDE8-AB0B9B779E7A}.Release|Any CPU.Build.0 = Release|Any CPU
	EndGlobalSection
	GlobalSection(SolutionProperties) = preSolution
		HideSolutionNode = FALSE
	EndGlobalSection
	GlobalSection(ExtensibilityGlobals) = postSolution
		SolutionGuid = {51D388D1-A17B-4A99-822B-462E0B498EE6}
	EndGlobalSection
EndGlobal
