
Microsoft Visual Studio Solution File, Format Version 12.00
# Visual Studio Version 17
VisualStudioVersion = 17.11.35312.102
MinimumVisualStudioVersion = 10.0.40219.1
Project("{FAE04EC0-301F-11D3-BF4B-00C04F79EFBC}") = "ejercicio_de_clases&objetos03", "ejercicio_de_clases&objetos03.csproj", "{2571478B-923C-4601-971C-ACD6FAA2612B}"
EndProject
Global
	GlobalSection(SolutionConfigurationPlatforms) = preSolution
		Debug|Any CPU = Debug|Any CPU
		Release|Any CPU = Release|Any CPU
	EndGlobalSection
	GlobalSection(ProjectConfigurationPlatforms) = postSolution
		{2571478B-923C-4601-971C-ACD6FAA2612B}.Debug|Any CPU.ActiveCfg = Debug|Any CPU
		{2571478B-923C-4601-971C-ACD6FAA2612B}.Debug|Any CPU.Build.0 = Debug|Any CPU
		{2571478B-923C-4601-971C-ACD6FAA2612B}.Release|Any CPU.ActiveCfg = Release|Any CPU
		{2571478B-923C-4601-971C-ACD6FAA2612B}.Release|Any CPU.Build.0 = Release|Any CPU
	EndGlobalSection
	GlobalSection(SolutionProperties) = preSolution
		HideSolutionNode = FALSE
	EndGlobalSection
	GlobalSection(ExtensibilityGlobals) = postSolution
		SolutionGuid = {A5133B9D-5EE0-4600-890F-A3C781890FE4}
	EndGlobalSection
EndGlobal
