
Microsoft Visual Studio Solution File, Format Version 12.00
# Visual Studio Version 17
VisualStudioVersion = 17.11.35312.102
MinimumVisualStudioVersion = 10.0.40219.1
Project("{FAE04EC0-301F-11D3-BF4B-00C04F79EFBC}") = "ejercicio_en_vivo_de_array04", "ejercicio_en_vivo_de_array04.csproj", "{F39C844E-799E-468E-B873-170AB1C3D6A7}"
EndProject
Global
	GlobalSection(SolutionConfigurationPlatforms) = preSolution
		Debug|Any CPU = Debug|Any CPU
		Release|Any CPU = Release|Any CPU
	EndGlobalSection
	GlobalSection(ProjectConfigurationPlatforms) = postSolution
		{F39C844E-799E-468E-B873-170AB1C3D6A7}.Debug|Any CPU.ActiveCfg = Debug|Any CPU
		{F39C844E-799E-468E-B873-170AB1C3D6A7}.Debug|Any CPU.Build.0 = Debug|Any CPU
		{F39C844E-799E-468E-B873-170AB1C3D6A7}.Release|Any CPU.ActiveCfg = Release|Any CPU
		{F39C844E-799E-468E-B873-170AB1C3D6A7}.Release|Any CPU.Build.0 = Release|Any CPU
	EndGlobalSection
	GlobalSection(SolutionProperties) = preSolution
		HideSolutionNode = FALSE
	EndGlobalSection
	GlobalSection(ExtensibilityGlobals) = postSolution
		SolutionGuid = {5936DB3A-98E2-436B-8250-E8524116632A}
	EndGlobalSection
EndGlobal
